// !$*UTF8*$!
{
	archiveVersion = 1;
	classes = {
	};
	objectVersion = 46;
	objects = {

/* Begin PBXBuildFile section */
		518E465C160826BB0011B899 /* main.c in Sources */ = {isa = PBXBuildFile; fileRef = 518E465B160826BB0011B899 /* main.c */; };
		518E465E160826BB0011B899 /* pdp_11.1 in CopyFiles */ = {isa = PBXBuildFile; fileRef = 518E465D160826BB0011B899 /* pdp_11.1 */; };
		518E4666160826DD0011B899 /* core.c in Sources */ = {isa = PBXBuildFile; fileRef = 518E4664160826DD0011B899 /* core.c */; };
		518E4669160826F90011B899 /* dispatch.c in Sources */ = {isa = PBXBuildFile; fileRef = 518E4667160826F90011B899 /* dispatch.c */; };
/* End PBXBuildFile section */

/* Begin PBXCopyFilesBuildPhase section */
		518E4655160826BB0011B899 /* CopyFiles */ = {
			isa = PBXCopyFilesBuildPhase;
			buildActionMask = 2147483647;
			dstPath = /usr/share/man/man1/;
			dstSubfolderSpec = 0;
			files = (
				518E465E160826BB0011B899 /* pdp_11.1 in CopyFiles */,
			);
			runOnlyForDeploymentPostprocessing = 1;
		};
/* End PBXCopyFilesBuildPhase section */

/* Begin PBXFileReference section */
		518E4657160826BB0011B899 /* pdp-11 */ = {isa = PBXFileReference; explicitFileType = "compiled.mach-o.executable"; includeInIndex = 0; path = "pdp-11"; sourceTree = BUILT_PRODUCTS_DIR; };
		518E465B160826BB0011B899 /* main.c */ = {isa = PBXFileReference; lastKnownFileType = sourcecode.c.c; path = main.c; sourceTree = "<group>"; };
		518E465D160826BB0011B899 /* pdp_11.1 */ = {isa = PBXFileReference; lastKnownFileType = text.man; path = pdp_11.1; sourceTree = "<group>"; };
		518E4664160826DD0011B899 /* core.c */ = {isa = PBXFileReference; fileEncoding = 4; lastKnownFileType = sourcecode.c.c; path = core.c; sourceTree = "<group>"; };
		518E4665160826DD0011B899 /* core.h */ = {isa = PBXFileReference; fileEncoding = 4; lastKnownFileType = sourcecode.c.h; path = core.h; sourceTree = "<group>"; };
		518E4667160826F90011B899 /* dispatch.c */ = {isa = PBXFileReference; fileEncoding = 4; lastKnownFileType = sourcecode.c.c; path = dispatch.c; sourceTree = "<group>"; };
		518E4668160826F90011B899 /* dispatch.h */ = {isa = PBXFileReference; fileEncoding = 4; lastKnownFileType = sourcecode.c.h; path = dispatch.h; sourceTree = "<group>"; };
/* End PBXFileReference section */

/* Begin PBXFrameworksBuildPhase section */
		518E4654160826BB0011B899 /* Frameworks */ = {
			isa = PBXFrameworksBuildPhase;
			buildActionMask = 2147483647;
			files = (
			);
			runOnlyForDeploymentPostprocessing = 0;
		};
/* End PBXFrameworksBuildPhase section */

/* Begin PBXGroup section */
		518E464C160826BB0011B899 = {
			isa = PBXGroup;
			children = (
				518E465A160826BB0011B899 /* pdp-11 */,
				518E4658160826BB0011B899 /* Products */,
			);
			sourceTree = "<group>";
		};
		518E4658160826BB0011B899 /* Products */ = {
			isa = PBXGroup;
			children = (
				518E4657160826BB0011B899 /* pdp-11 */,
			);
			name = Products;
			sourceTree = "<group>";
		};
		518E465A160826BB0011B899 /* pdp-11 */ = {
			isa = PBXGroup;
			children = (
				518E4667160826F90011B899 /* dispatch.c */,
				518E4668160826F90011B899 /* dispatch.h */,
				518E4664160826DD0011B899 /* core.c */,
				518E4665160826DD0011B899 /* core.h */,
				518E465B160826BB0011B899 /* main.c */,
				518E465D160826BB0011B899 /* pdp_11.1 */,
			);
			path = "pdp-11";
			sourceTree = "<group>";
		};
/* End PBXGroup section */

/* Begin PBXNativeTarget section */
		518E4656160826BB0011B899 /* pdp-11 */ = {
			isa = PBXNativeTarget;
			buildConfigurationList = 518E4661160826BB0011B899 /* Build configuration list for PBXNativeTarget "pdp-11" */;
			buildPhases = (
				518E4653160826BB0011B899 /* Sources */,
				518E4654160826BB0011B899 /* Frameworks */,
				518E4655160826BB0011B899 /* CopyFiles */,
			);
			buildRules = (
			);
			dependencies = (
			);
			name = "pdp-11";
			productName = "pdp-11";
			productReference = 518E4657160826BB0011B899 /* pdp-11 */;
			productType = "com.apple.product-type.tool";
		};
/* End PBXNativeTarget section */

/* Begin PBXProject section */
		518E464E160826BB0011B899 /* Project object */ = {
			isa = PBXProject;
			attributes = {
				LastUpgradeCheck = 0440;
				ORGANIZATIONNAME = "Robert Altenburg";
			};
			buildConfigurationList = 518E4651160826BB0011B899 /* Build configuration list for PBXProject "pdp-11" */;
			compatibilityVersion = "Xcode 3.2";
			developmentRegion = English;
			hasScannedForEncodings = 0;
			knownRegions = (
				en,
			);
			mainGroup = 518E464C160826BB0011B899;
			productRefGroup = 518E4658160826BB0011B899 /* Products */;
			projectDirPath = "";
			projectRoot = "";
			targets = (
				518E4656160826BB0011B899 /* pdp-11 */,
			);
		};
/* End PBXProject section */

/* Begin PBXSourcesBuildPhase section */
		518E4653160826BB0011B899 /* Sources */ = {
			isa = PBXSourcesBuildPhase;
			buildActionMask = 2147483647;
			files = (
				518E465C160826BB0011B899 /* main.c in Sources */,
				518E4666160826DD0011B899 /* core.c in Sources */,
				518E4669160826F90011B899 /* dispatch.c in Sources */,
			);
			runOnlyForDeploymentPostprocessing = 0;
		};
/* End PBXSourcesBuildPhase section */

/* Begin XCBuildConfiguration section */
		518E465F160826BB0011B899 /* Debug */ = {
			isa = XCBuildConfiguration;
			buildSettings = {
				ALWAYS_SEARCH_USER_PATHS = NO;
				ARCHS = "$(ARCHS_STANDARD_64_BIT)";
				CLANG_CXX_LANGUAGE_STANDARD = "gnu++0x";
				CLANG_ENABLE_OBJC_ARC = YES;
				CLANG_WARN__DUPLICATE_METHOD_MATCH = YES;
				COPY_PHASE_STRIP = NO;
				GCC_C_LANGUAGE_STANDARD = gnu99;
				GCC_DYNAMIC_NO_PIC = NO;
				GCC_ENABLE_OBJC_EXCEPTIONS = YES;
				GCC_OPTIMIZATION_LEVEL = 0;
				GCC_PREPROCESSOR_DEFINITIONS = (
					"DEBUG=1",
					"$(inherited)",
				);
				GCC_SYMBOLS_PRIVATE_EXTERN = NO;
				GCC_WARN_64_TO_32_BIT_CONVERSION = YES;
				GCC_WARN_ABOUT_RETURN_TYPE = YES;
				GCC_WARN_UNINITIALIZED_AUTOS = YES;
				GCC_WARN_UNUSED_VARIABLE = YES;
				MACOSX_DEPLOYMENT_TARGET = 10.8;
				ONLY_ACTIVE_ARCH = YES;
				SDKROOT = macosx;
			};
			name = Debug;
		};
		518E4660160826BB0011B899 /* Release */ = {
			isa = XCBuildConfiguration;
			buildSettings = {
				ALWAYS_SEARCH_USER_PATHS = NO;
				ARCHS = "$(ARCHS_STANDARD_64_BIT)";
				CLANG_CXX_LANGUAGE_STANDARD = "gnu++0x";
				CLANG_ENABLE_OBJC_ARC = YES;
				CLANG_WARN__DUPLICATE_METHOD_MATCH = YES;
				COPY_PHASE_STRIP = YES;
				DEBUG_INFORMATION_FORMAT = "dwarf-with-dsym";
				GCC_C_LANGUAGE_STANDARD = gnu99;
				GCC_ENABLE_OBJC_EXCEPTIONS = YES;
				GCC_WARN_64_TO_32_BIT_CONVERSION = YES;
				GCC_WARN_ABOUT_RETURN_TYPE = YES;
				GCC_WARN_UNINITIALIZED_AUTOS = YES;
				GCC_WARN_UNUSED_VARIABLE = YES;
				MACOSX_DEPLOYMENT_TARGET = 10.8;
				SDKROOT = macosx;
			};
			name = Release;
		};
		518E4662160826BB0011B899 /* Debug */ = {
			isa = XCBuildConfiguration;
			buildSettings = {
				PRODUCT_NAME = "$(TARGET_NAME)";
			};
			name = Debug;
		};
		518E4663160826BB0011B899 /* Release */ = {
			isa = XCBuildConfiguration;
			buildSettings = {
				PRODUCT_NAME = "$(TARGET_NAME)";
			};
			name = Release;
		};
/* End XCBuildConfiguration section */

/* Begin XCConfigurationList section */
		518E4651160826BB0011B899 /* Build configuration list for PBXProject "pdp-11" */ = {
			isa = XCConfigurationList;
			buildConfigurations = (
				518E465F160826BB0011B899 /* Debug */,
				518E4660160826BB0011B899 /* Release */,
			);
			defaultConfigurationIsVisible = 0;
			defaultConfigurationName = Release;
		};
		518E4661160826BB0011B899 /* Build configuration list for PBXNativeTarget "pdp-11" */ = {
			isa = XCConfigurationList;
			buildConfigurations = (
				518E4662160826BB0011B899 /* Debug */,
				518E4663160826BB0011B899 /* Release */,
			);
			defaultConfigurationIsVisible = 0;
		};
/* End XCConfigurationList section */
	};
	rootObject = 518E464E160826BB0011B899 /* Project object */;
}
